{
  "version": 1,
  "dependencies": {
    "net10.0": {
      "AspNetCore.HealthChecks.MongoDb": {
        "type": "Direct",
        "requested": "[9.0.0, )",
        "resolved": "9.0.0",
        "contentHash": "WAmROqEXlVzjgCdEa9Zor2l6T29jsnKMJQPGbTnkrgpyqPcjwOomuh91CiAebmeWJ/CKenVX+fV/VFffnskgvw==",
        "dependencies": {
          "MongoDB.Driver": "3.0.0"
        }
      },
      "AspNetCore.HealthChecks.UI.Client": {
        "type": "Direct",
        "requested": "[9.0.0, )",
        "resolved": "9.0.0",
        "contentHash": "1Ub3Wvvbz7CMuFNWgLEc9qqQibiMoovDML/WHrwr5J83RPgtI20giCR92s/ipLgu7IIuqw+W/y7WpIeHqAICxg==",
        "dependencies": {
          "AspNetCore.HealthChecks.UI.Core": "9.0.0"
        }
      },
      "AspNetCore.HealthChecks.Uris": {
        "type": "Direct",
        "requested": "[9.0.0, )",
        "resolved": "9.0.0",
        "contentHash": "XYdNlA437KeF8p9qOpZFyNqAN+c0FXt/JjTvzH/Qans0q0O3pPE8KPnn39ucQQjR/Roum1vLTP3kXiUs8VHyuA=="
      },
      "FluentResults": {
        "type": "Direct",
        "requested": "[4.0.0, )",
        "resolved": "4.0.0",
        "contentHash": "wKfdLvDnDVhXlSreU7u/NFNHH6EfoOhAloEID4ePAyk+ZliowKZJvX+aCL4hxhFc9Jj74t62amS4LyOYTjXGCg=="
      },
      "GitHubJwt": {
        "type": "Direct",
        "requested": "[0.0.6, )",
        "resolved": "0.0.6",
        "contentHash": "CL+BSb8JM2l98UB/Yw3R3p549gcxzXxQoida6SMGcT2cnHmqs79PBT8chwNB34tbB3cVpZGiCWV6vnB1taJpIw==",
        "dependencies": {
          "BouncyCastle.NetCore": "1.9.0",
          "jose-jwt": "4.1.0"
        }
      },
      "JsonSchema.Net": {
        "type": "Direct",
        "requested": "[9.1.2, )",
        "resolved": "9.1.2",
        "contentHash": "phHV3NFtJuZod2kR6Y++/TWd0gQaZITLc7xeunBIBhw8GR3QRfUZwZyrLRQIr0G19R87HOMol9xKlV4yvvYjQw==",
        "dependencies": {
          "JsonPointer.Net": "7.0.0"
        }
      },
      "Microsoft.AspNetCore.OpenApi": {
        "type": "Direct",
        "requested": "[10.0.3, )",
        "resolved": "10.0.3",
        "contentHash": "SAvSrKDgnY5GDjDAngOXxPhUvEKlTU/0zIq8zidqHvh/xnZBPs0Vc4LqwyvnmnafNnyUaivtRABz4K4wodXfSg==",
        "dependencies": {
          "Microsoft.OpenApi": "2.0.0"
        }
      },
      "MongoDB.Driver": {
        "type": "Direct",
        "requested": "[3.7.0, )",
        "resolved": "3.7.0",
        "contentHash": "3Xr9Z6GzfewLbPNCtC+9Z8AvU9rtWzPG0Dl7BPYF2MiMxGMsrU/dp2cYOY39yxzOJAye/lWIWYX/lVmyQLQbYQ==",
        "dependencies": {
          "DnsClient": "1.6.1",
          "MongoDB.Bson": "3.7.0",
          "SharpCompress": "0.30.1",
          "Snappier": "1.0.0",
          "ZstdSharp.Port": "0.7.3"
        }
      },
      "Newtonsoft.Json.Schema": {
        "type": "Direct",
        "requested": "[4.0.1, )",
        "resolved": "4.0.1",
        "contentHash": "rbHUKp5WTIbqmLEeJ21nTTDGcfR0LA7bVMzm0bYc3yx6NFKiCIHzzvYbwA4Sqgs7+wNldc5nBlkbithWj8IZig==",
        "dependencies": {
          "Newtonsoft.Json": "13.0.3"
        }
      },
      "Octokit": {
        "type": "Direct",
        "requested": "[14.0.0, )",
        "resolved": "14.0.0",
        "contentHash": "jGOuTH1l+TCpJH+fwYOp7USzHDuGfN1jKbLz3J2COwyn+wL08eynvpnM6rY2qkzIEXum3PN2p2QkP3BW/p9Qcw=="
      },
      "OpenTelemetry.Exporter.Console": {
        "type": "Direct",
        "requested": "[1.15.0, )",
        "resolved": "1.15.0",
        "contentHash": "Jweov3Q70xmy5U8bwab8xd+xAuaFBI4695q/IpH4/dcAwKytyB+WhV5HufmKfXiKZhRbSEo8piG+i1ENEmdFXw==",
        "dependencies": {
          "OpenTelemetry": "1.15.0"
        }
      },
      "OpenTelemetry.Exporter.OpenTelemetryProtocol": {
        "type": "Direct",
        "requested": "[1.15.0, )",
        "resolved": "1.15.0",
        "contentHash": "VH8ANc/js9IRvfYt0Q2UaAxNCOWm+IU+vWrtoH7pfx4oWPVdISUt+9uWfBCFMWZg5WzQip5dhslyDjeyZXXfSQ==",
        "dependencies": {
          "OpenTelemetry": "1.15.0"
        }
      },
      "OpenTelemetry.Extensions.Hosting": {
        "type": "Direct",
        "requested": "[1.15.0, )",
        "resolved": "1.15.0",
        "contentHash": "RixjKyB1pbYGhWdvPto4KJs+exdQknJsnjUO9WszdLles5Vcd0EYzxPNJdwmLjYfP+Jfbr4B5nktM4ZgeHSWtg==",
        "dependencies": {
          "OpenTelemetry": "1.15.0"
        }
      },
      "OpenTelemetry.Instrumentation.AspNetCore": {
        "type": "Direct",
        "requested": "[1.15.0, )",
        "resolved": "1.15.0",
        "contentHash": "mte1nRYefxjed2syXgVWq3UCfMKO7MkebvTZmf0O1aLgVgCktLsVjQ6mftyjIbWGBBCHN0wg+Glxj8BSFS70pQ==",
        "dependencies": {
          "OpenTelemetry.Api.ProviderBuilderExtensions": "[1.15.0, 2.0.0)"
        }
      },
      "OpenTelemetry.Instrumentation.Http": {
        "type": "Direct",
        "requested": "[1.15.0, )",
        "resolved": "1.15.0",
        "contentHash": "uToc7bUp8IEdb0ny9mKsL6FrrYelINPzxxiSShJgOf4XmQc4Azww6S5RjRj24YhsOn2a1MABOrxfVTZXtDk4Eg==",
        "dependencies": {
          "OpenTelemetry.Api.ProviderBuilderExtensions": "[1.15.0, 2.0.0)"
        }
      },
      "Serilog.AspNetCore": {
        "type": "Direct",
        "requested": "[10.0.0, )",
        "resolved": "10.0.0",
        "contentHash": "a/cNa1mY4On1oJlfGG1wAvxjp5g7OEzk/Jf/nm7NF9cWoE7KlZw1GldrifUBWm9oKibHkR7Lg/l5jy3y7ACR8w==",
        "dependencies": {
          "Serilog": "4.3.0",
          "Serilog.Extensions.Hosting": "10.0.0",
          "Serilog.Formatting.Compact": "3.0.0",
          "Serilog.Settings.Configuration": "10.0.0",
          "Serilog.Sinks.Console": "6.1.1",
          "Serilog.Sinks.Debug": "3.0.0",
          "Serilog.Sinks.File": "7.0.0"
        }
      },
      "Serilog.Sinks.File": {
        "type": "Direct",
        "requested": "[7.0.0, )",
        "resolved": "7.0.0",
        "contentHash": "fKL7mXv7qaiNBUC71ssvn/dU0k9t0o45+qm2XgKAlSt19xF+ijjxyA3R6HmCgfKEKwfcfkwWjayuQtRueZFkYw==",
        "dependencies": {
          "Serilog": "4.2.0"
        }
      },
      "Swashbuckle.AspNetCore": {
        "type": "Direct",
        "requested": "[10.1.4, )",
        "resolved": "10.1.4",
        "contentHash": "3y9YcUdzND3E21NiGvhxEVw2/rdQSbSLDOxrAMP96ZCaDVeB8b30L8QeWA9cfkxfyeXt+F2t1umKE0kaPxm4FA==",
        "dependencies": {
          "Microsoft.Extensions.ApiDescription.Server": "10.0.0",
          "Swashbuckle.AspNetCore.Swagger": "10.1.4",
          "Swashbuckle.AspNetCore.SwaggerGen": "10.1.4",
          "Swashbuckle.AspNetCore.SwaggerUI": "10.1.4"
        }
      },
      "System.IdentityModel.Tokens.Jwt": {
        "type": "Direct",
        "requested": "[8.16.0, )",
        "resolved": "8.16.0",
        "contentHash": "rrs2u7DRMXQG2yh0oVyF/vLwosfRv20Ld2iEpYcKwQWXHjfV+gFXNQsQ9p008kR9Ou4pxBs68Q6/9zC8Gi1wjg==",
        "dependencies": {
          "Microsoft.IdentityModel.JsonWebTokens": "8.16.0",
          "Microsoft.IdentityModel.Tokens": "8.16.0"
        }
      },
      "AspNetCore.HealthChecks.UI.Core": {
        "type": "Transitive",
        "resolved": "9.0.0",
        "contentHash": "TVriy4hgYnhfqz6NAzv8qe62Q8wf82iKUL6WV9selqeFZTq1ILi39Sic6sFQegRysvAVcnxKP/vY8z9Fk8x6XQ=="
      },
      "BouncyCastle.NetCore": {
        "type": "Transitive",
        "resolved": "1.9.0",
        "contentHash": "FpWfsqjMp+RNavLqMlviDPlbdf7q4j/pr9SHfc1LKcZz5PRjciuYo59nFnw+eJi+H8cm0eH5uVZStwAv1LRdCw=="
      },
      "DnsClient": {
        "type": "Transitive",
        "resolved": "1.6.1",
        "contentHash": "4H/f2uYJOZ+YObZjpY9ABrKZI+JNw3uizp6oMzTXwDw6F+2qIPhpRl/1t68O/6e98+vqNiYGu+lswmwdYUy3gg=="
      },
      "Humanizer.Core": {
        "type": "Transitive",
        "resolved": "3.0.1",
        "contentHash": "scB3+KcxNmEjZK5V8rKCW2gIiL8m8KH91w14FuuExyhi9xTyAJ+jr+DDxGdy12mHmioe2uvjxTfMgM7WmSUFlw=="
      },
      "jose-jwt": {
        "type": "Transitive",
        "resolved": "4.1.0",
        "contentHash": "cU/qb/P3n0LM1TwxZmYiVQjsRsVPS7GTZq9GLSqrwVwAOkuvm6EaMJyFCXEa/qzCGFCoWT8f8uRHB/9m5kpavg=="
      },
      "Json.More.Net": {
        "type": "Transitive",
        "resolved": "3.0.0",
        "contentHash": "+kj2dE04clW9+Bw4GoEVBFdLSiOKwLEkiiGbX+CK860DbytCtpD0QA68cEQISMnIrxyxQPw5gQAra22WCnRPUA=="
      },
      "JsonPointer.Net": {
        "type": "Transitive",
        "resolved": "7.0.0",
        "contentHash": "jdnFo5huuJDB3ASWIkD0F9Ntf+9nOtRbsIp4VqRlHbTW9LxpBBMRKQhQJxPtIFAhNVS55aAsMb78TB+LK29CqQ==",
        "dependencies": {
          "Humanizer.Core": "3.0.1",
          "Json.More.Net": "3.0.0"
        }
      },
      "Microsoft.Extensions.ApiDescription.Server": {
        "type": "Transitive",
        "resolved": "10.0.0",
        "contentHash": "NCWCGiwRwje8773yzPQhvucYnnfeR+ZoB1VRIrIMp4uaeUNw7jvEPHij3HIbwCDuNCrNcphA00KSAR9yD9qmbg=="
      },
      "Microsoft.Extensions.DependencyModel": {
        "type": "Transitive",
        "resolved": "10.0.0",
        "contentHash": "RFYJR7APio/BiqdQunRq6DB+nDB6nc2qhHr77mlvZ0q0BT8PubMXN7XicmfzCbrDE/dzhBnUKBRXLTcqUiZDGg=="
      },
      "Microsoft.IdentityModel.Abstractions": {
        "type": "Transitive",
        "resolved": "8.16.0",
        "contentHash": "gSxKLWRZzBpIsEoeUPkxfywNCCvRvl7hkq146XHPk5vOQc9izSf1I+uL1vh4y2U19QPxd9Z8K/8AdWyxYz2lSg=="
      },
      "Microsoft.IdentityModel.JsonWebTokens": {
        "type": "Transitive",
        "resolved": "8.16.0",
        "contentHash": "prBU72cIP4V8E9fhN+o/YdskTsLeIcnKPbhZf0X6mD7fdxoZqnS/NdEkSr+9Zp+2q7OZBOMfNBKGbTbhXODO4w==",
        "dependencies": {
          "Microsoft.IdentityModel.Tokens": "8.16.0"
        }
      },
      "Microsoft.IdentityModel.Logging": {
        "type": "Transitive",
        "resolved": "8.16.0",
        "contentHash": "MTzXmETkNQPACR7/XCXM1OGM6oU9RkyibqeJRtO9Ndew2LnGjMf9Atqj2VSf4XC27X0FQycUAlzxxEgQMWn2xQ==",
        "dependencies": {
          "Microsoft.IdentityModel.Abstractions": "8.16.0"
        }
      },
      "Microsoft.IdentityModel.Tokens": {
        "type": "Transitive",
        "resolved": "8.16.0",
        "contentHash": "rtViGJcGsN7WcfUNErwNeQgjuU5cJNl6FDQsfi9TncwO+Epzn0FTfBsg3YuFW1Q0Ch/KPxaVdjLw3/+5Z5ceFQ==",
        "dependencies": {
          "Microsoft.IdentityModel.Logging": "8.16.0"
        }
      },
      "Microsoft.OpenApi": {
        "type": "Transitive",
        "resolved": "2.4.1",
        "contentHash": "u7QhXCISMQuab3flasb1hoaiERmUqyWsW7tmQODyILoQ7mJV5IRGM+2KKZYo0QUfC13evEOcHAb6TPWgqEQtrw=="
      },
      "MongoDB.Bson": {
        "type": "Transitive",
        "resolved": "3.7.0",
        "contentHash": "u8f0UAYe2/LWdvLEwwIjkCd2Rx6vBo6Yab+i+D4B3E0AvK1ndzIsIHuGBCeYeg5r8+/V+m1TXLonlhwT9Vfdrg=="
      },
      "Newtonsoft.Json": {
        "type": "Transitive",
        "resolved": "13.0.4",
        "contentHash": "pdgNNMai3zv51W5aq268sujXUyx7SNdE2bj1wZcWjAQrKMFZV260lbqYop1d2GM67JI1huLRwxo9ZqnfF/lC6A=="
      },
      "OpenTelemetry": {
        "type": "Transitive",
        "resolved": "1.15.0",
        "contentHash": "7mS/oZFF8S6xyqGQfMU1btp0nXJQUPWV535Vp/XMLYwRAUv36xQN+U4vufWBF1+z4HnRTOwuFHtUSGnHbyN6FQ==",
        "dependencies": {
          "OpenTelemetry.Api.ProviderBuilderExtensions": "1.15.0"
        }
      },
      "OpenTelemetry.Api": {
        "type": "Transitive",
        "resolved": "1.15.0",
        "contentHash": "vk5OGdf6K9kQScCWo3bRjhDWCv6Pqw92IpX4dlARZ8B1WL7/2NGTDtCkkw42eQf7UdwyoHKzVvMH/PtL8d6z7w=="
      },
      "OpenTelemetry.Api.ProviderBuilderExtensions": {
        "type": "Transitive",
        "resolved": "1.15.0",
        "contentHash": "OnuSUlRpGvowkOzGFQfy+KZFu0cITfKfh2IYJJiZskxVJiOuexwOOuvfDAgpJdmTzVWAHjYdz2shcHZaJ06UjQ==",
        "dependencies": {
          "OpenTelemetry.Api": "1.15.0"
        }
      },
      "Serilog": {
        "type": "Transitive",
        "resolved": "4.3.0",
        "contentHash": "+cDryFR0GRhsGOnZSKwaDzRRl4MupvJ42FhCE4zhQRVanX0Jpg6WuCBk59OVhVDPmab1bB+nRykAnykYELA9qQ=="
      },
      "Serilog.Extensions.Hosting": {
        "type": "Transitive",
        "resolved": "10.0.0",
        "contentHash": "E7juuIc+gzoGxgzFooFgAV8g9BfiSXNKsUok9NmEpyAXg2odkcPsMa/Yo4axkJRlh0se7mkYQ1GXDaBemR+b6w==",
        "dependencies": {
          "Serilog": "4.3.0",
          "Serilog.Extensions.Logging": "10.0.0"
        }
      },
      "Serilog.Extensions.Logging": {
        "type": "Transitive",
        "resolved": "10.0.0",
        "contentHash": "vx0kABKl2dWbBhhqAfTOk53/i8aV/5VaT3a6il9gn72Wqs2pM7EK2OB6No6xdqK2IaY6Zf9gdjLuK9BVa2rT+Q==",
        "dependencies": {
          "Serilog": "4.2.0"
        }
      },
      "Serilog.Formatting.Compact": {
        "type": "Transitive",
        "resolved": "3.0.0",
        "contentHash": "wQsv14w9cqlfB5FX2MZpNsTawckN4a8dryuNGbebB/3Nh1pXnROHZov3swtu3Nj5oNG7Ba+xdu7Et/ulAUPanQ==",
        "dependencies": {
          "Serilog": "4.0.0"
        }
      },
      "Serilog.Settings.Configuration": {
        "type": "Transitive",
        "resolved": "10.0.0",
        "contentHash": "LNq+ibS1sbhTqPV1FIE69/9AJJbfaOhnaqkzcjFy95o+4U+STsta9mi97f1smgXsWYKICDeGUf8xUGzd/52/uA==",
        "dependencies": {
          "Microsoft.Extensions.DependencyModel": "10.0.0",
          "Serilog": "4.3.0"
        }
      },
      "Serilog.Sinks.Console": {
        "type": "Transitive",
        "resolved": "6.1.1",
        "contentHash": "8jbqgjUyZlfCuSTaJk6lOca465OndqOz3KZP6Cryt/IqZYybyBu7GP0fE/AXBzrrQB3EBmQntBFAvMVz1COvAA==",
        "dependencies": {
          "Serilog": "4.0.0"
        }
      },
      "Serilog.Sinks.Debug": {
        "type": "Transitive",
        "resolved": "3.0.0",
        "contentHash": "4BzXcdrgRX7wde9PmHuYd9U6YqycCC28hhpKonK7hx0wb19eiuRj16fPcPSVp0o/Y1ipJuNLYQ00R3q2Zs8FDA==",
        "dependencies": {
          "Serilog": "4.0.0"
        }
      },
      "SharpCompress": {
        "type": "Transitive",
        "resolved": "0.30.1",
        "contentHash": "XqD4TpfyYGa7QTPzaGlMVbcecKnXy4YmYLDWrU+JIj7IuRNl7DH2END+Ll7ekWIY8o3dAMWLFDE1xdhfIWD1nw=="
      },
      "Snappier": {
        "type": "Transitive",
        "resolved": "1.0.0",
        "contentHash": "rFtK2KEI9hIe8gtx3a0YDXdHOpedIf9wYCEYtBEmtlyiWVX3XlCNV03JrmmAi/Cdfn7dxK+k0sjjcLv4fpHnqA=="
      },
      "Swashbuckle.AspNetCore.Swagger": {
        "type": "Transitive",
        "resolved": "10.1.4",
        "contentHash": "4ac45rVXsgustOXx6abChvIXtWjc1gUgwEpExz8pkQTTXjVTuRtfyMCN0srgxwpIAw/UoH/LYcbgqrjRcYwhfg==",
        "dependencies": {
          "Microsoft.OpenApi": "2.4.1"
        }
      },
      "Swashbuckle.AspNetCore.SwaggerGen": {
        "type": "Transitive",
        "resolved": "10.1.4",
        "contentHash": "gbh8gJ97lMw0ScCdbEhAzwlHSWKiTzYtHfS6/e7u4e4c0ms6mOccLFgRsWF0ekgpDh+AlA0yWc5X5ec+6cxCXQ==",
        "dependencies": {
          "Swashbuckle.AspNetCore.Swagger": "10.1.4"
        }
      },
      "Swashbuckle.AspNetCore.SwaggerUI": {
        "type": "Transitive",
        "resolved": "10.1.4",
        "contentHash": "A1ewmv/Xq5YkjQoSW29Kc9IoIC6pu210F1Fmzmj1EO7QJLTs6w3tOJatST6s41+Y8eUr5A1JLiXZ14U5EgN6ow=="
      },
      "ZstdSharp.Port": {
        "type": "Transitive",
        "resolved": "0.7.3",
        "contentHash": "U9Ix4l4cl58Kzz1rJzj5hoVTjmbx1qGMwzAcbv1j/d3NzrFaESIurQyg+ow4mivCgkE3S413y+U9k4WdnEIkRA=="
      },
      "openreferralapi.core": {
        "type": "Project",
        "dependencies": {
          "MongoDB.Driver": "[3.7.0, )",
          "Newtonsoft.Json": "[13.0.4, )",
          "Newtonsoft.Json.Schema": "[4.0.1, )"
        }
      }
    }
  }
}